
Microsoft Visual Studio Solution File, Format Version 12.00
# Visual Studio Version 17
VisualStudioVersion = 17.13.35818.85 d17.13
MinimumVisualStudioVersion = 10.0.40219.1
Project("{FAE04EC0-301F-11D3-BF4B-00C04F79EFBC}") = "ProyectoBD.Entities", "ProyectoBD.Entities\ProyectoBD.Entities.csproj", "{CBD154C0-4294-4EFC-8C76-A9F10DD41EAB}"
EndProject
Project("{FAE04EC0-301F-11D3-BF4B-00C04F79EFBC}") = "ProyectoBD.Repositories", "ProyectoBD.Repositories\ProyectoBD.Repositories.csproj", "{2FDD0B75-958E-4A34-8494-53E7EABCD905}"
EndProject
Project("{FAE04EC0-301F-11D3-BF4B-00C04F79EFBC}") = "ProyectoBD.BusinessLogic", "ProyectoBD.BusinessLogic\ProyectoBD.BusinessLogic.csproj", "{76F10CC0-73E4-4E05-9030-715A7A187EB7}"
EndProject
Project("{FAE04EC0-301F-11D3-BF4B-00C04F79EFBC}") = "ProyectoBD.API", "ProyectoBD.API\ProyectoBD.API.csproj", "{17A9874C-586E-4D23-9937-E99263F02E5B}"
EndProject
Global
	GlobalSection(SolutionConfigurationPlatforms) = preSolution
		Debug|Any CPU = Debug|Any CPU
		Release|Any CPU = Release|Any CPU
	EndGlobalSection
	GlobalSection(ProjectConfigurationPlatforms) = postSolution
		{CBD154C0-4294-4EFC-8C76-A9F10DD41EAB}.Debug|Any CPU.ActiveCfg = Debug|Any CPU
		{CBD154C0-4294-4EFC-8C76-A9F10DD41EAB}.Debug|Any CPU.Build.0 = Debug|Any CPU
		{CBD154C0-4294-4EFC-8C76-A9F10DD41EAB}.Release|Any CPU.ActiveCfg = Release|Any CPU
		{CBD154C0-4294-4EFC-8C76-A9F10DD41EAB}.Release|Any CPU.Build.0 = Release|Any CPU
		{2FDD0B75-958E-4A34-8494-53E7EABCD905}.Debug|Any CPU.ActiveCfg = Debug|Any CPU
		{2FDD0B75-958E-4A34-8494-53E7EABCD905}.Debug|Any CPU.Build.0 = Debug|Any CPU
		{2FDD0B75-958E-4A34-8494-53E7EABCD905}.Release|Any CPU.ActiveCfg = Release|Any CPU
		{2FDD0B75-958E-4A34-8494-53E7EABCD905}.Release|Any CPU.Build.0 = Release|Any CPU
		{76F10CC0-73E4-4E05-9030-715A7A187EB7}.Debug|Any CPU.ActiveCfg = Debug|Any CPU
		{76F10CC0-73E4-4E05-9030-715A7A187EB7}.Debug|Any CPU.Build.0 = Debug|Any CPU
		{76F10CC0-73E4-4E05-9030-715A7A187EB7}.Release|Any CPU.ActiveCfg = Release|Any CPU
		{76F10CC0-73E4-4E05-9030-715A7A187EB7}.Release|Any CPU.Build.0 = Release|Any CPU
		{17A9874C-586E-4D23-9937-E99263F02E5B}.Debug|Any CPU.ActiveCfg = Debug|Any CPU
		{17A9874C-586E-4D23-9937-E99263F02E5B}.Debug|Any CPU.Build.0 = Debug|Any CPU
		{17A9874C-586E-4D23-9937-E99263F02E5B}.Release|Any CPU.ActiveCfg = Release|Any CPU
		{17A9874C-586E-4D23-9937-E99263F02E5B}.Release|Any CPU.Build.0 = Release|Any CPU
	EndGlobalSection
	GlobalSection(SolutionProperties) = preSolution
		HideSolutionNode = FALSE
	EndGlobalSection
	GlobalSection(ExtensibilityGlobals) = postSolution
		SolutionGuid = {14C7C3DD-8507-4B42-A6E6-54AEC7252978}
	EndGlobalSection
EndGlobal
